
Microsoft Visual Studio Solution File, Format Version 12.00
# Visual Studio 15
VisualStudioVersion = 15.0.28307.1000
MinimumVisualStudioVersion = 10.0.40219.1
Project("{FAE04EC0-301F-11D3-BF4B-00C04F79EFBC}") = "IllustTrainer_WindowsSpecial", "IllustTrainer_WindowsSpecial\IllustTrainer_WindowsSpecial.csproj", "{E4003416-0AAB-4490-B595-8BCDBD29EB07}"
EndProject
Global
	GlobalSection(SolutionConfigurationPlatforms) = preSolution
		Debug|Any CPU = Debug|Any CPU
		Release|Any CPU = Release|Any CPU
	EndGlobalSection
	GlobalSection(ProjectConfigurationPlatforms) = postSolution
		{E4003416-0AAB-4490-B595-8BCDBD29EB07}.Debug|Any CPU.ActiveCfg = Debug|Any CPU
		{E4003416-0AAB-4490-B595-8BCDBD29EB07}.Debug|Any CPU.Build.0 = Debug|Any CPU
		{E4003416-0AAB-4490-B595-8BCDBD29EB07}.Release|Any CPU.ActiveCfg = Release|Any CPU
		{E4003416-0AAB-4490-B595-8BCDBD29EB07}.Release|Any CPU.Build.0 = Release|Any CPU
	EndGlobalSection
	GlobalSection(SolutionProperties) = preSolution
		HideSolutionNode = FALSE
	EndGlobalSection
	GlobalSection(ExtensibilityGlobals) = postSolution
		SolutionGuid = {A30236F3-8C7B-4617-8F35-7F8D31D09D55}
	EndGlobalSection
EndGlobal
